
Microsoft Visual Studio Solution File, Format Version 12.00
# Visual Studio Version 17
VisualStudioVersion = 17.8.34511.84
MinimumVisualStudioVersion = 10.0.40219.1
Project("{FAE04EC0-301F-11D3-BF4B-00C04F79EFBC}") = "CustomerAPI", "CustomerAPI.csproj", "{396DA325-B826-4187-BCDE-C0AFCA256432}"
EndProject
Global
	GlobalSection(SolutionConfigurationPlatforms) = preSolution
		Debug|Any CPU = Debug|Any CPU
		Release|Any CPU = Release|Any CPU
	EndGlobalSection
	GlobalSection(ProjectConfigurationPlatforms) = postSolution
		{396DA325-B826-4187-BCDE-C0AFCA256432}.Debug|Any CPU.ActiveCfg = Debug|Any CPU
		{396DA325-B826-4187-BCDE-C0AFCA256432}.Debug|Any CPU.Build.0 = Debug|Any CPU
		{396DA325-B826-4187-BCDE-C0AFCA256432}.Release|Any CPU.ActiveCfg = Release|Any CPU
		{396DA325-B826-4187-BCDE-C0AFCA256432}.Release|Any CPU.Build.0 = Release|Any CPU
	EndGlobalSection
	GlobalSection(SolutionProperties) = preSolution
		HideSolutionNode = FALSE
	EndGlobalSection
	GlobalSection(ExtensibilityGlobals) = postSolution
		SolutionGuid = {B518BDD6-111B-45DF-99B5-9B57A5FB9DA0}
	EndGlobalSection
EndGlobal
